<Solution>
  <Folder Name="/Solution Items/">
    <File Path="docker-compose.yml" />
  </Folder>
  <Project Path="API/API.csproj" />
  <Project Path="CORE/CORE.csproj" />
  <Project Path="Infrastucture/Infrastucture.csproj" />
  <Project Path="Shared/Shared.csproj" />
  <Project Path="Test/Test.csproj" />
</Solution>
